
Microsoft Visual Studio Solution File, Format Version 12.00
# Visual Studio Version 17
VisualStudioVersion = 17.5.33424.131
MinimumVisualStudioVersion = 10.0.40219.1
Project("{FAE04EC0-301F-11D3-BF4B-00C04F79EFBC}") = "Ejercicio02", "Ejercicio02\Ejercicio02.csproj", "{FE7AC951-72AB-46C6-BF89-25394E6F2D56}"
EndProject
Global
	GlobalSection(SolutionConfigurationPlatforms) = preSolution
		Debug|Any CPU = Debug|Any CPU
		Release|Any CPU = Release|Any CPU
	EndGlobalSection
	GlobalSection(ProjectConfigurationPlatforms) = postSolution
		{FE7AC951-72AB-46C6-BF89-25394E6F2D56}.Debug|Any CPU.ActiveCfg = Debug|Any CPU
		{FE7AC951-72AB-46C6-BF89-25394E6F2D56}.Debug|Any CPU.Build.0 = Debug|Any CPU
		{FE7AC951-72AB-46C6-BF89-25394E6F2D56}.Release|Any CPU.ActiveCfg = Release|Any CPU
		{FE7AC951-72AB-46C6-BF89-25394E6F2D56}.Release|Any CPU.Build.0 = Release|Any CPU
	EndGlobalSection
	GlobalSection(SolutionProperties) = preSolution
		HideSolutionNode = FALSE
	EndGlobalSection
	GlobalSection(ExtensibilityGlobals) = postSolution
		SolutionGuid = {D3144B52-F05B-4FCE-B2E2-7BE7846795E0}
	EndGlobalSection
EndGlobal
