
Microsoft Visual Studio Solution File, Format Version 12.00
# Visual Studio Version 17
VisualStudioVersion = 17.5.33424.131
MinimumVisualStudioVersion = 10.0.40219.1
Project("{FAE04EC0-301F-11D3-BF4B-00C04F79EFBC}") = "Ejercicio07", "Ejercicio07\Ejercicio07.csproj", "{BDB85C98-E561-4F9B-905A-F9FED63885F3}"
EndProject
Global
	GlobalSection(SolutionConfigurationPlatforms) = preSolution
		Debug|Any CPU = Debug|Any CPU
		Release|Any CPU = Release|Any CPU
	EndGlobalSection
	GlobalSection(ProjectConfigurationPlatforms) = postSolution
		{BDB85C98-E561-4F9B-905A-F9FED63885F3}.Debug|Any CPU.ActiveCfg = Debug|Any CPU
		{BDB85C98-E561-4F9B-905A-F9FED63885F3}.Debug|Any CPU.Build.0 = Debug|Any CPU
		{BDB85C98-E561-4F9B-905A-F9FED63885F3}.Release|Any CPU.ActiveCfg = Release|Any CPU
		{BDB85C98-E561-4F9B-905A-F9FED63885F3}.Release|Any CPU.Build.0 = Release|Any CPU
	EndGlobalSection
	GlobalSection(SolutionProperties) = preSolution
		HideSolutionNode = FALSE
	EndGlobalSection
	GlobalSection(ExtensibilityGlobals) = postSolution
		SolutionGuid = {E9550B69-60E3-4C17-864D-EAF4C4A62158}
	EndGlobalSection
EndGlobal
