
Microsoft Visual Studio Solution File, Format Version 12.00
# Visual Studio Version 17
VisualStudioVersion = 17.7.34031.279
MinimumVisualStudioVersion = 10.0.40219.1
Project("{FAE04EC0-301F-11D3-BF4B-00C04F79EFBC}") = "Ejercicio30", "Ejercicio30\Ejercicio30.csproj", "{E1A67043-41CF-4C83-AF22-C36F8906D15E}"
EndProject
Global
	GlobalSection(SolutionConfigurationPlatforms) = preSolution
		Debug|Any CPU = Debug|Any CPU
		Release|Any CPU = Release|Any CPU
	EndGlobalSection
	GlobalSection(ProjectConfigurationPlatforms) = postSolution
		{E1A67043-41CF-4C83-AF22-C36F8906D15E}.Debug|Any CPU.ActiveCfg = Debug|Any CPU
		{E1A67043-41CF-4C83-AF22-C36F8906D15E}.Debug|Any CPU.Build.0 = Debug|Any CPU
		{E1A67043-41CF-4C83-AF22-C36F8906D15E}.Release|Any CPU.ActiveCfg = Release|Any CPU
		{E1A67043-41CF-4C83-AF22-C36F8906D15E}.Release|Any CPU.Build.0 = Release|Any CPU
	EndGlobalSection
	GlobalSection(SolutionProperties) = preSolution
		HideSolutionNode = FALSE
	EndGlobalSection
	GlobalSection(ExtensibilityGlobals) = postSolution
		SolutionGuid = {6CA44A38-C86F-49F7-AE8D-B61066046F17}
	EndGlobalSection
EndGlobal
