
Microsoft Visual Studio Solution File, Format Version 12.00
# Visual Studio Version 17
VisualStudioVersion = 17.7.34031.279
MinimumVisualStudioVersion = 10.0.40219.1
Project("{FAE04EC0-301F-11D3-BF4B-00C04F79EFBC}") = "Ejercicio15", "Ejercicio15\Ejercicio15.csproj", "{DC7D7DC4-D41D-4B4F-B6AF-7D1EF2384E60}"
EndProject
Global
	GlobalSection(SolutionConfigurationPlatforms) = preSolution
		Debug|Any CPU = Debug|Any CPU
		Release|Any CPU = Release|Any CPU
	EndGlobalSection
	GlobalSection(ProjectConfigurationPlatforms) = postSolution
		{DC7D7DC4-D41D-4B4F-B6AF-7D1EF2384E60}.Debug|Any CPU.ActiveCfg = Debug|Any CPU
		{DC7D7DC4-D41D-4B4F-B6AF-7D1EF2384E60}.Debug|Any CPU.Build.0 = Debug|Any CPU
		{DC7D7DC4-D41D-4B4F-B6AF-7D1EF2384E60}.Release|Any CPU.ActiveCfg = Release|Any CPU
		{DC7D7DC4-D41D-4B4F-B6AF-7D1EF2384E60}.Release|Any CPU.Build.0 = Release|Any CPU
	EndGlobalSection
	GlobalSection(SolutionProperties) = preSolution
		HideSolutionNode = FALSE
	EndGlobalSection
	GlobalSection(ExtensibilityGlobals) = postSolution
		SolutionGuid = {14C3D888-5B5F-4385-9946-C19A03256BD3}
	EndGlobalSection
EndGlobal
