
Microsoft Visual Studio Solution File, Format Version 12.00
# Visual Studio Version 17
VisualStudioVersion = 17.7.34031.279
MinimumVisualStudioVersion = 10.0.40219.1
Project("{FAE04EC0-301F-11D3-BF4B-00C04F79EFBC}") = "Ejercicio07", "Ejercicio07\Ejercicio07.csproj", "{5A44FC7E-809B-4ACA-A272-54AE119B0322}"
EndProject
Global
	GlobalSection(SolutionConfigurationPlatforms) = preSolution
		Debug|Any CPU = Debug|Any CPU
		Release|Any CPU = Release|Any CPU
	EndGlobalSection
	GlobalSection(ProjectConfigurationPlatforms) = postSolution
		{5A44FC7E-809B-4ACA-A272-54AE119B0322}.Debug|Any CPU.ActiveCfg = Debug|Any CPU
		{5A44FC7E-809B-4ACA-A272-54AE119B0322}.Debug|Any CPU.Build.0 = Debug|Any CPU
		{5A44FC7E-809B-4ACA-A272-54AE119B0322}.Release|Any CPU.ActiveCfg = Release|Any CPU
		{5A44FC7E-809B-4ACA-A272-54AE119B0322}.Release|Any CPU.Build.0 = Release|Any CPU
	EndGlobalSection
	GlobalSection(SolutionProperties) = preSolution
		HideSolutionNode = FALSE
	EndGlobalSection
	GlobalSection(ExtensibilityGlobals) = postSolution
		SolutionGuid = {6B83311D-2EBE-425C-A60D-07F68A427DB9}
	EndGlobalSection
EndGlobal
