
Microsoft Visual Studio Solution File, Format Version 12.00
# Visual Studio Version 17
VisualStudioVersion = 17.5.33424.131
MinimumVisualStudioVersion = 10.0.40219.1
Project("{FAE04EC0-301F-11D3-BF4B-00C04F79EFBC}") = "Ejercicio06", "Ejercicio06\Ejercicio06.csproj", "{8A1DDFB9-1537-47E6-8976-5C22CD6ABBFD}"
EndProject
Global
	GlobalSection(SolutionConfigurationPlatforms) = preSolution
		Debug|Any CPU = Debug|Any CPU
		Release|Any CPU = Release|Any CPU
	EndGlobalSection
	GlobalSection(ProjectConfigurationPlatforms) = postSolution
		{8A1DDFB9-1537-47E6-8976-5C22CD6ABBFD}.Debug|Any CPU.ActiveCfg = Debug|Any CPU
		{8A1DDFB9-1537-47E6-8976-5C22CD6ABBFD}.Debug|Any CPU.Build.0 = Debug|Any CPU
		{8A1DDFB9-1537-47E6-8976-5C22CD6ABBFD}.Release|Any CPU.ActiveCfg = Release|Any CPU
		{8A1DDFB9-1537-47E6-8976-5C22CD6ABBFD}.Release|Any CPU.Build.0 = Release|Any CPU
	EndGlobalSection
	GlobalSection(SolutionProperties) = preSolution
		HideSolutionNode = FALSE
	EndGlobalSection
	GlobalSection(ExtensibilityGlobals) = postSolution
		SolutionGuid = {D07418EB-9AB0-4033-9A06-A2EC854F8C25}
	EndGlobalSection
EndGlobal
