
Microsoft Visual Studio Solution File, Format Version 12.00
# Visual Studio Version 17
VisualStudioVersion = 17.7.34031.279
MinimumVisualStudioVersion = 10.0.40219.1
Project("{FAE04EC0-301F-11D3-BF4B-00C04F79EFBC}") = "Ejercicio02", "Ejercicio02\Ejercicio02.csproj", "{9151BC1F-0AF2-450B-B00F-B70B2D832D4C}"
EndProject
Global
	GlobalSection(SolutionConfigurationPlatforms) = preSolution
		Debug|Any CPU = Debug|Any CPU
		Release|Any CPU = Release|Any CPU
	EndGlobalSection
	GlobalSection(ProjectConfigurationPlatforms) = postSolution
		{9151BC1F-0AF2-450B-B00F-B70B2D832D4C}.Debug|Any CPU.ActiveCfg = Debug|Any CPU
		{9151BC1F-0AF2-450B-B00F-B70B2D832D4C}.Debug|Any CPU.Build.0 = Debug|Any CPU
		{9151BC1F-0AF2-450B-B00F-B70B2D832D4C}.Release|Any CPU.ActiveCfg = Release|Any CPU
		{9151BC1F-0AF2-450B-B00F-B70B2D832D4C}.Release|Any CPU.Build.0 = Release|Any CPU
	EndGlobalSection
	GlobalSection(SolutionProperties) = preSolution
		HideSolutionNode = FALSE
	EndGlobalSection
	GlobalSection(ExtensibilityGlobals) = postSolution
		SolutionGuid = {6627AFB2-6A49-452E-BE66-946E7CFB0D22}
	EndGlobalSection
EndGlobal
