
Microsoft Visual Studio Solution File, Format Version 12.00
# Visual Studio Version 17
VisualStudioVersion = 17.7.34031.279
MinimumVisualStudioVersion = 10.0.40219.1
Project("{FAE04EC0-301F-11D3-BF4B-00C04F79EFBC}") = "Ejercicio16", "Ejercicio16\Ejercicio16.csproj", "{788B6CB9-EBF7-4C17-9034-7F34C4936FB8}"
EndProject
Global
	GlobalSection(SolutionConfigurationPlatforms) = preSolution
		Debug|Any CPU = Debug|Any CPU
		Release|Any CPU = Release|Any CPU
	EndGlobalSection
	GlobalSection(ProjectConfigurationPlatforms) = postSolution
		{788B6CB9-EBF7-4C17-9034-7F34C4936FB8}.Debug|Any CPU.ActiveCfg = Debug|Any CPU
		{788B6CB9-EBF7-4C17-9034-7F34C4936FB8}.Debug|Any CPU.Build.0 = Debug|Any CPU
		{788B6CB9-EBF7-4C17-9034-7F34C4936FB8}.Release|Any CPU.ActiveCfg = Release|Any CPU
		{788B6CB9-EBF7-4C17-9034-7F34C4936FB8}.Release|Any CPU.Build.0 = Release|Any CPU
	EndGlobalSection
	GlobalSection(SolutionProperties) = preSolution
		HideSolutionNode = FALSE
	EndGlobalSection
	GlobalSection(ExtensibilityGlobals) = postSolution
		SolutionGuid = {84BF1D5B-F3C0-4599-8A8A-D6A22498EE6E}
	EndGlobalSection
EndGlobal
