
Microsoft Visual Studio Solution File, Format Version 12.00
# Visual Studio Version 17
VisualStudioVersion = 17.11.35303.130
MinimumVisualStudioVersion = 10.0.40219.1
Project("{FAE04EC0-301F-11D3-BF4B-00C04F79EFBC}") = "GesTienda", "Tienda\GesTienda.csproj", "{7765F398-0436-42C7-8274-C4AA270CE8A4}"
EndProject
Project("{2150E333-8FDC-42A3-9474-1A3956D46DE8}") = "Elementos de la solución", "Elementos de la solución", "{8F0311E7-CD4A-4653-A625-D6D03E6A68FF}"
EndProject
Global
	GlobalSection(SolutionConfigurationPlatforms) = preSolution
		Debug|Any CPU = Debug|Any CPU
		Release|Any CPU = Release|Any CPU
	EndGlobalSection
	GlobalSection(ProjectConfigurationPlatforms) = postSolution
		{7765F398-0436-42C7-8274-C4AA270CE8A4}.Debug|Any CPU.ActiveCfg = Debug|Any CPU
		{7765F398-0436-42C7-8274-C4AA270CE8A4}.Debug|Any CPU.Build.0 = Debug|Any CPU
		{7765F398-0436-42C7-8274-C4AA270CE8A4}.Release|Any CPU.ActiveCfg = Release|Any CPU
		{7765F398-0436-42C7-8274-C4AA270CE8A4}.Release|Any CPU.Build.0 = Release|Any CPU
	EndGlobalSection
	GlobalSection(SolutionProperties) = preSolution
		HideSolutionNode = FALSE
	EndGlobalSection
	GlobalSection(ExtensibilityGlobals) = postSolution
		SolutionGuid = {B5CC3DF6-C615-47E2-BEC6-1A61131ACCE4}
	EndGlobalSection
EndGlobal
