
Microsoft Visual Studio Solution File, Format Version 12.00
# Visual Studio Version 17
VisualStudioVersion = 17.7.34031.279
MinimumVisualStudioVersion = 10.0.40219.1
Project("{FAE04EC0-301F-11D3-BF4B-00C04F79EFBC}") = "Ejercicio06", "Ejercicio06\Ejercicio06.csproj", "{2129DE1C-8664-4D61-A105-36BCF724916E}"
EndProject
Global
	GlobalSection(SolutionConfigurationPlatforms) = preSolution
		Debug|Any CPU = Debug|Any CPU
		Release|Any CPU = Release|Any CPU
	EndGlobalSection
	GlobalSection(ProjectConfigurationPlatforms) = postSolution
		{2129DE1C-8664-4D61-A105-36BCF724916E}.Debug|Any CPU.ActiveCfg = Debug|Any CPU
		{2129DE1C-8664-4D61-A105-36BCF724916E}.Debug|Any CPU.Build.0 = Debug|Any CPU
		{2129DE1C-8664-4D61-A105-36BCF724916E}.Release|Any CPU.ActiveCfg = Release|Any CPU
		{2129DE1C-8664-4D61-A105-36BCF724916E}.Release|Any CPU.Build.0 = Release|Any CPU
	EndGlobalSection
	GlobalSection(SolutionProperties) = preSolution
		HideSolutionNode = FALSE
	EndGlobalSection
	GlobalSection(ExtensibilityGlobals) = postSolution
		SolutionGuid = {12E7FD3C-3C2F-43CF-AF06-97C26D4E5294}
	EndGlobalSection
EndGlobal
