
Microsoft Visual Studio Solution File, Format Version 12.00
# Visual Studio Version 17
VisualStudioVersion = 17.5.33424.131
MinimumVisualStudioVersion = 10.0.40219.1
Project("{FAE04EC0-301F-11D3-BF4B-00C04F79EFBC}") = "Ejercicio19", "Ejercicio19\Ejercicio19.csproj", "{EFF83FE7-926B-4052-B026-EBB18E71918D}"
EndProject
Global
	GlobalSection(SolutionConfigurationPlatforms) = preSolution
		Debug|Any CPU = Debug|Any CPU
		Release|Any CPU = Release|Any CPU
	EndGlobalSection
	GlobalSection(ProjectConfigurationPlatforms) = postSolution
		{EFF83FE7-926B-4052-B026-EBB18E71918D}.Debug|Any CPU.ActiveCfg = Debug|Any CPU
		{EFF83FE7-926B-4052-B026-EBB18E71918D}.Debug|Any CPU.Build.0 = Debug|Any CPU
		{EFF83FE7-926B-4052-B026-EBB18E71918D}.Release|Any CPU.ActiveCfg = Release|Any CPU
		{EFF83FE7-926B-4052-B026-EBB18E71918D}.Release|Any CPU.Build.0 = Release|Any CPU
	EndGlobalSection
	GlobalSection(SolutionProperties) = preSolution
		HideSolutionNode = FALSE
	EndGlobalSection
	GlobalSection(ExtensibilityGlobals) = postSolution
		SolutionGuid = {AA2E61B2-B5BC-4184-A7AA-6AB5BA8B12F6}
	EndGlobalSection
EndGlobal
