
Microsoft Visual Studio Solution File, Format Version 12.00
# Visual Studio Version 17
VisualStudioVersion = 17.5.33424.131
MinimumVisualStudioVersion = 10.0.40219.1
Project("{FAE04EC0-301F-11D3-BF4B-00C04F79EFBC}") = "Ejercicio03", "Ejercicio03\Ejercicio03.csproj", "{90E492DA-52FE-4B4E-90C7-43141A6F1F72}"
EndProject
Global
	GlobalSection(SolutionConfigurationPlatforms) = preSolution
		Debug|Any CPU = Debug|Any CPU
		Release|Any CPU = Release|Any CPU
	EndGlobalSection
	GlobalSection(ProjectConfigurationPlatforms) = postSolution
		{90E492DA-52FE-4B4E-90C7-43141A6F1F72}.Debug|Any CPU.ActiveCfg = Debug|Any CPU
		{90E492DA-52FE-4B4E-90C7-43141A6F1F72}.Debug|Any CPU.Build.0 = Debug|Any CPU
		{90E492DA-52FE-4B4E-90C7-43141A6F1F72}.Release|Any CPU.ActiveCfg = Release|Any CPU
		{90E492DA-52FE-4B4E-90C7-43141A6F1F72}.Release|Any CPU.Build.0 = Release|Any CPU
	EndGlobalSection
	GlobalSection(SolutionProperties) = preSolution
		HideSolutionNode = FALSE
	EndGlobalSection
	GlobalSection(ExtensibilityGlobals) = postSolution
		SolutionGuid = {060B72E3-7CF6-4730-BD1C-1A6EEFB4A935}
	EndGlobalSection
EndGlobal
