
Microsoft Visual Studio Solution File, Format Version 12.00
# Visual Studio Version 17
VisualStudioVersion = 17.7.34031.279
MinimumVisualStudioVersion = 10.0.40219.1
Project("{FAE04EC0-301F-11D3-BF4B-00C04F79EFBC}") = "Ejercicio29", "Ejercicio29\Ejercicio29.csproj", "{E1E86095-5EB2-4D61-8D28-AD5215A1A780}"
EndProject
Global
	GlobalSection(SolutionConfigurationPlatforms) = preSolution
		Debug|Any CPU = Debug|Any CPU
		Release|Any CPU = Release|Any CPU
	EndGlobalSection
	GlobalSection(ProjectConfigurationPlatforms) = postSolution
		{E1E86095-5EB2-4D61-8D28-AD5215A1A780}.Debug|Any CPU.ActiveCfg = Debug|Any CPU
		{E1E86095-5EB2-4D61-8D28-AD5215A1A780}.Debug|Any CPU.Build.0 = Debug|Any CPU
		{E1E86095-5EB2-4D61-8D28-AD5215A1A780}.Release|Any CPU.ActiveCfg = Release|Any CPU
		{E1E86095-5EB2-4D61-8D28-AD5215A1A780}.Release|Any CPU.Build.0 = Release|Any CPU
	EndGlobalSection
	GlobalSection(SolutionProperties) = preSolution
		HideSolutionNode = FALSE
	EndGlobalSection
	GlobalSection(ExtensibilityGlobals) = postSolution
		SolutionGuid = {C5BC464C-A4FF-4525-AA12-6C911759A6B9}
	EndGlobalSection
EndGlobal
